
Microsoft Visual Studio Solution File, Format Version 12.00
# Visual Studio 15
VisualStudioVersion = 15.0.28307.960
MinimumVisualStudioVersion = 10.0.40219.1
Project("{FAE04EC0-301F-11D3-BF4B-00C04F79EFBC}") = "IDCrm", "IDCrm\IDCrm.csproj", "{A0492BAE-0EB2-4046-9B79-5FACABF5E8EA}"
EndProject
Global
	GlobalSection(SolutionConfigurationPlatforms) = preSolution
		Debug|Any CPU = Debug|Any CPU
		Release|Any CPU = Release|Any CPU
	EndGlobalSection
	GlobalSection(ProjectConfigurationPlatforms) = postSolution
		{A0492BAE-0EB2-4046-9B79-5FACABF5E8EA}.Debug|Any CPU.ActiveCfg = Debug|Any CPU
		{A0492BAE-0EB2-4046-9B79-5FACABF5E8EA}.Debug|Any CPU.Build.0 = Debug|Any CPU
		{A0492BAE-0EB2-4046-9B79-5FACABF5E8EA}.Release|Any CPU.ActiveCfg = Release|Any CPU
		{A0492BAE-0EB2-4046-9B79-5FACABF5E8EA}.Release|Any CPU.Build.0 = Release|Any CPU
	EndGlobalSection
	GlobalSection(SolutionProperties) = preSolution
		HideSolutionNode = FALSE
	EndGlobalSection
	GlobalSection(ExtensibilityGlobals) = postSolution
		SolutionGuid = {D4054AFC-784E-4F6B-B24F-59AEE6489754}
	EndGlobalSection
EndGlobal
